
Microsoft Visual Studio Solution File, Format Version 12.00
# Visual Studio Version 16
VisualStudioVersion = 16.0.32407.337
MinimumVisualStudioVersion = 10.0.40219.1
Project("{FAE04EC0-301F-11D3-BF4B-00C04F79EFBC}") = "QuadraticEquation", "QuadraticEquation\QuadraticEquation.csproj", "{1836C1AF-C390-464F-B8F9-AC617988B97A}"
EndProject
Global
	GlobalSection(SolutionConfigurationPlatforms) = preSolution
		Debug|Any CPU = Debug|Any CPU
		Release|Any CPU = Release|Any CPU
	EndGlobalSection
	GlobalSection(ProjectConfigurationPlatforms) = postSolution
		{1836C1AF-C390-464F-B8F9-AC617988B97A}.Debug|Any CPU.ActiveCfg = Debug|Any CPU
		{1836C1AF-C390-464F-B8F9-AC617988B97A}.Debug|Any CPU.Build.0 = Debug|Any CPU
		{1836C1AF-C390-464F-B8F9-AC617988B97A}.Release|Any CPU.ActiveCfg = Release|Any CPU
		{1836C1AF-C390-464F-B8F9-AC617988B97A}.Release|Any CPU.Build.0 = Release|Any CPU
	EndGlobalSection
	GlobalSection(SolutionProperties) = preSolution
		HideSolutionNode = FALSE
	EndGlobalSection
	GlobalSection(ExtensibilityGlobals) = postSolution
		SolutionGuid = {198D453B-FC74-4AE7-A47A-C833435864AE}
	EndGlobalSection
EndGlobal
